
Microsoft Visual Studio Solution File, Format Version 12.00
# Visual Studio Version 17
VisualStudioVersion = 17.8.34511.84
MinimumVisualStudioVersion = 10.0.40219.1
Project("{FAE04EC0-301F-11D3-BF4B-00C04F79EFBC}") = "SysGestionPedidos.EN", "SysGestionPedidos.EN\SysGestionPedidos.EN.csproj", "{64F5BF4E-F947-4F90-89F7-9BAC311619B6}"
EndProject
Project("{FAE04EC0-301F-11D3-BF4B-00C04F79EFBC}") = "SysGestionPedidos.DAL", "SysGestionPedidos.DAL\SysGestionPedidos.DAL.csproj", "{DE28767D-44ED-499E-95D8-3100F320596E}"
EndProject
Project("{FAE04EC0-301F-11D3-BF4B-00C04F79EFBC}") = "SysGestionPedidos.BL", "SysGestionPedidos.BL\SysGestionPedidos.BL.csproj", "{2DC26D85-BD92-4C65-BA80-C1F8833100B3}"
EndProject
Global
	GlobalSection(SolutionConfigurationPlatforms) = preSolution
		Debug|Any CPU = Debug|Any CPU
		Release|Any CPU = Release|Any CPU
	EndGlobalSection
	GlobalSection(ProjectConfigurationPlatforms) = postSolution
		{64F5BF4E-F947-4F90-89F7-9BAC311619B6}.Debug|Any CPU.ActiveCfg = Debug|Any CPU
		{64F5BF4E-F947-4F90-89F7-9BAC311619B6}.Debug|Any CPU.Build.0 = Debug|Any CPU
		{64F5BF4E-F947-4F90-89F7-9BAC311619B6}.Release|Any CPU.ActiveCfg = Release|Any CPU
		{64F5BF4E-F947-4F90-89F7-9BAC311619B6}.Release|Any CPU.Build.0 = Release|Any CPU
		{DE28767D-44ED-499E-95D8-3100F320596E}.Debug|Any CPU.ActiveCfg = Debug|Any CPU
		{DE28767D-44ED-499E-95D8-3100F320596E}.Debug|Any CPU.Build.0 = Debug|Any CPU
		{DE28767D-44ED-499E-95D8-3100F320596E}.Release|Any CPU.ActiveCfg = Release|Any CPU
		{DE28767D-44ED-499E-95D8-3100F320596E}.Release|Any CPU.Build.0 = Release|Any CPU
		{2DC26D85-BD92-4C65-BA80-C1F8833100B3}.Debug|Any CPU.ActiveCfg = Debug|Any CPU
		{2DC26D85-BD92-4C65-BA80-C1F8833100B3}.Debug|Any CPU.Build.0 = Debug|Any CPU
		{2DC26D85-BD92-4C65-BA80-C1F8833100B3}.Release|Any CPU.ActiveCfg = Release|Any CPU
		{2DC26D85-BD92-4C65-BA80-C1F8833100B3}.Release|Any CPU.Build.0 = Release|Any CPU
	EndGlobalSection
	GlobalSection(SolutionProperties) = preSolution
		HideSolutionNode = FALSE
	EndGlobalSection
	GlobalSection(ExtensibilityGlobals) = postSolution
		SolutionGuid = {5AB764DD-92AA-495F-9C4E-9EB022AEB11D}
	EndGlobalSection
EndGlobal
